
Microsoft Visual Studio Solution File, Format Version 12.00
# Visual Studio Version 17
VisualStudioVersion = 17.6.33829.357
MinimumVisualStudioVersion = 10.0.40219.1
Project("{FAE04EC0-301F-11D3-BF4B-00C04F79EFBC}") = "MyFirstDockerApp", "MyFirstDockerApp\MyFirstDockerApp.csproj", "{5B687E12-2D63-41D3-9A77-BEF7EB8169F1}"
EndProject
Global
	GlobalSection(SolutionConfigurationPlatforms) = preSolution
		Debug|Any CPU = Debug|Any CPU
		Release|Any CPU = Release|Any CPU
	EndGlobalSection
	GlobalSection(ProjectConfigurationPlatforms) = postSolution
		{5B687E12-2D63-41D3-9A77-BEF7EB8169F1}.Debug|Any CPU.ActiveCfg = Debug|Any CPU
		{5B687E12-2D63-41D3-9A77-BEF7EB8169F1}.Debug|Any CPU.Build.0 = Debug|Any CPU
		{5B687E12-2D63-41D3-9A77-BEF7EB8169F1}.Release|Any CPU.ActiveCfg = Release|Any CPU
		{5B687E12-2D63-41D3-9A77-BEF7EB8169F1}.Release|Any CPU.Build.0 = Release|Any CPU
	EndGlobalSection
	GlobalSection(SolutionProperties) = preSolution
		HideSolutionNode = FALSE
	EndGlobalSection
	GlobalSection(ExtensibilityGlobals) = postSolution
		SolutionGuid = {F0D3106D-1B46-4D25-B75A-10DFA62979D4}
	EndGlobalSection
EndGlobal
